{
    "name": "MeanMapsApp",
    "lockfileVersion": 1,
    "dependencies": {
        "accepts": {
            "version": "1.0.7",
            "resolved": "http://r.cnpmjs.org/accepts/download/accepts-1.0.7.tgz",
            "integrity": "sha1-W1AftPBwQwmWTM2wSBclQSCNqxo="
        },
        "async": {
            "version": "0.9.0",
            "resolved": "http://r.cnpmjs.org/async/download/async-0.9.0.tgz",
            "integrity": "sha1-rDYTsdqb7RtHUQu0ZRuJMeRxRsc="
        },
        "base64url": {
            "version": "2.0.0",
            "resolved": "http://r.cnpmjs.org/base64url/download/base64url-2.0.0.tgz",
            "integrity": "sha1-6sFuA+oUOO/5Qj1puqNiYu0fcLs="
        },
        "basic-auth": {
            "version": "1.0.0",
            "resolved": "http://r.cnpmjs.org/basic-auth/download/basic-auth-1.0.0.tgz",
            "integrity": "sha1-ERstn/jk5tE2uMhOpeCWy4c1Fjc="
        },
        "bluebird": {
            "version": "2.9.26",
            "resolved": "http://r.cnpmjs.org/bluebird/download/bluebird-2.9.26.tgz",
            "integrity": "sha1-Nidy6k0J9VakufO2TC/RNuh+OlU="
        },
        "body-parser": {
            "version": "1.5.2",
            "resolved": "http://r.cnpmjs.org/body-parser/download/body-parser-1.5.2.tgz",
            "integrity": "sha1-vuusrHQbg/YskTfVaFGW4aRDBKs="
        },
        "bson": {
            "version": "0.4.23",
            "resolved": "http://r.cnpmjs.org/bson/download/bson-0.4.23.tgz",
            "integrity": "sha1-5louPHUH/63kEJvHV1p25Q+NqRU="
        },
        "buffer-crc32": {
            "version": "0.2.3",
            "resolved": "http://r.cnpmjs.org/buffer-crc32/download/buffer-crc32-0.2.3.tgz",
            "integrity": "sha1-u1RRnpXRB8vSQA520MqxRnM22SE="
        },
        "buffer-equal-constant-time": {
            "version": "1.0.1",
            "resolved": "http://r.cnpmjs.org/buffer-equal-constant-time/download/buffer-equal-constant-time-1.0.1.tgz",
            "integrity": "sha1-+OcRMvf/5uAaXJaXpMbz5I1cyBk="
        },
        "bytes": {
            "version": "1.0.0",
            "resolved": "http://r.cnpmjs.org/bytes/download/bytes-1.0.0.tgz",
            "integrity": "sha1-NWnt6Lo0MV+rmcPpLLBMciDeH6g="
        },
        "cookie": {
            "version": "0.1.2",
            "resolved": "http://r.cnpmjs.org/cookie/download/cookie-0.1.2.tgz",
            "integrity": "sha1-cv7D0k5Io0Mgc9kMEmQgBQYQBLE="
        },
        "cookie-signature": {
            "version": "1.0.4",
            "resolved": "http://r.cnpmjs.org/cookie-signature/download/cookie-signature-1.0.4.tgz",
            "integrity": "sha1-Dt0iKG46ERuaKnDbNj6SXoZ/aso="
        },
        "core-util-is": {
            "version": "1.0.2",
            "resolved": "http://r.cnpmjs.org/core-util-is/download/core-util-is-1.0.2.tgz",
            "integrity": "sha1-tf1UIgqivFq1eqtxQMlAdUUDwac="
        },
        "debug": {
            "version": "1.0.4",
            "resolved": "http://r.cnpmjs.org/debug/download/debug-1.0.4.tgz",
            "integrity": "sha1-W5wla9VLbsAigxdvqKDt5tFUy/g="
        },
        "depd": {
            "version": "0.4.4",
            "resolved": "http://r.cnpmjs.org/depd/download/depd-0.4.4.tgz",
            "integrity": "sha1-BwkfrnX5eCjYm0oCotR3jw58BmI="
        },
        "ecdsa-sig-formatter": {
            "version": "1.0.9",
            "resolved": "http://r.cnpmjs.org/ecdsa-sig-formatter/download/ecdsa-sig-formatter-1.0.9.tgz",
            "integrity": "sha1-S8kmJ07Dtau1AW5+HWCSGsJisqE="
        },
        "ee-first": {
            "version": "1.0.3",
            "resolved": "http://r.cnpmjs.org/ee-first/download/ee-first-1.0.3.tgz",
            "integrity": "sha1-bJjECJq+y1p7hcGsRJqmA9Oz2r4="
        },
        "es6-promise": {
            "version": "2.1.1",
            "resolved": "http://r.cnpmjs.org/es6-promise/download/es6-promise-2.1.1.tgz",
            "integrity": "sha1-A+jzxyl5KOVHjWqx0GQyUVB73t0="
        },
        "escape-html": {
            "version": "1.0.1",
            "resolved": "http://r.cnpmjs.org/escape-html/download/escape-html-1.0.1.tgz",
            "integrity": "sha1-GBoobq05ejmpKFfPsdQwUuNWv/A="
        },
        "express": {
            "version": "4.7.4",
            "resolved": "http://r.cnpmjs.org/express/download/express-4.7.4.tgz",
            "integrity": "sha1-yvWTic8LMbExS/RNM1XCqAz6IXw="
        },
        "finalhandler": {
            "version": "0.1.0",
            "resolved": "http://r.cnpmjs.org/finalhandler/download/finalhandler-0.1.0.tgz",
            "integrity": "sha1-2gW7xPX0owyEzh2R88FUAHxOnao="
        },
        "finished": {
            "version": "1.2.2",
            "resolved": "http://r.cnpmjs.org/finished/download/finished-1.2.2.tgz",
            "integrity": "sha1-QWCOr639ZWg7RqEiC8Sx7D2u3Ng="
        },
        "fresh": {
            "version": "0.2.2",
            "resolved": "http://r.cnpmjs.org/fresh/download/fresh-0.2.2.tgz",
            "integrity": "sha1-lzHc9WeMf660T7kDxPct9VGH+nc="
        },
        "hooks-fixed": {
            "version": "1.1.0",
            "resolved": "http://r.cnpmjs.org/hooks-fixed/download/hooks-fixed-1.1.0.tgz",
            "integrity": "sha1-DowVM2cI5mERhf45C0RofdUjDbs="
        },
        "iconv-lite": {
            "version": "0.4.4",
            "resolved": "http://r.cnpmjs.org/iconv-lite/download/iconv-lite-0.4.4.tgz",
            "integrity": "sha1-6V8uQdsHNfwhZS94J6XuMuY8g6g="
        },
        "inherits": {
            "version": "2.0.3",
            "resolved": "http://r.cnpmjs.org/inherits/download/inherits-2.0.3.tgz",
            "integrity": "sha1-Yzwsg+PaQqUC9SRmAiSA9CCCYd4="
        },
        "ipaddr.js": {
            "version": "0.1.2",
            "resolved": "http://r.cnpmjs.org/ipaddr.js/download/ipaddr.js-0.1.2.tgz",
            "integrity": "sha1-ah/T2FT1ACllw017vNm0qNSwRn4="
        },
        "isarray": {
            "version": "0.0.1",
            "resolved": "http://r.cnpmjs.org/isarray/download/isarray-0.0.1.tgz",
            "integrity": "sha1-ihis/Kmo9Bd+Cav8YDiTmwXR7t8="
        },
        "jsonwebtoken": {
            "version": "5.7.0",
            "resolved": "http://r.cnpmjs.org/jsonwebtoken/download/jsonwebtoken-5.7.0.tgz",
            "integrity": "sha1-HJD5qGzlt0j1+XnBK3BAK0r83bQ=",
            "dependencies": {
                "ms": {
                    "version": "0.7.3",
                    "resolved": "http://r.cnpmjs.org/ms/download/ms-0.7.3.tgz",
                    "integrity": "sha1-cIFVpeROM/X9D8U+gdDUCpG+H/8="
                }
            }
        },
        "jwa": {
            "version": "1.1.5",
            "resolved": "http://r.cnpmjs.org/jwa/download/jwa-1.1.5.tgz",
            "integrity": "sha1-oFUs4CIHQs1S4VN3SjKQXDDnVuU="
        },
        "jws": {
            "version": "3.1.4",
            "resolved": "http://r.cnpmjs.org/jws/download/jws-3.1.4.tgz",
            "integrity": "sha1-+ei5M46KhHJ31kRLFGT2GIDgUKI="
        },
        "kareem": {
            "version": "1.0.1",
            "resolved": "http://r.cnpmjs.org/kareem/download/kareem-1.0.1.tgz",
            "integrity": "sha1-eAXSFbtTIU7Dr5aaHQsfF+PnuVw="
        },
        "kerberos": {
            "version": "0.0.23",
            "resolved": "http://r.cnpmjs.org/kerberos/download/kerberos-0.0.23.tgz",
            "integrity": "sha1-aqRq/bl4bGkZOIzFtAjwEscfD9E=",
            "optional": true
        },
        "media-typer": {
            "version": "0.2.0",
            "resolved": "http://r.cnpmjs.org/media-typer/download/media-typer-0.2.0.tgz",
            "integrity": "sha1-2KBlITrf6qLnYyGitt2jb/YzWYQ="
        },
        "merge-descriptors": {
            "version": "0.0.2",
            "resolved": "http://r.cnpmjs.org/merge-descriptors/download/merge-descriptors-0.0.2.tgz",
            "integrity": "sha1-w2pSp4FDdRPFcnXzndnTF1FKyMc="
        },
        "method-override": {
            "version": "2.1.3",
            "resolved": "http://r.cnpmjs.org/method-override/download/method-override-2.1.3.tgz",
            "integrity": "sha1-UR9BxPsdzNtqsYRNpdxuqBt8ETU=",
            "dependencies": {
                "parseurl": {
                    "version": "1.3.1",
                    "resolved": "http://r.cnpmjs.org/parseurl/download/parseurl-1.3.1.tgz",
                    "integrity": "sha1-yKuMkiO6NIiKpkopeyiFO+wY2lY="
                },
                "vary": {
                    "version": "1.0.1",
                    "resolved": "http://r.cnpmjs.org/vary/download/vary-1.0.1.tgz",
                    "integrity": "sha1-meSYFWaihhGN+yuBc1ffeZM3bRA="
                }
            }
        },
        "methods": {
            "version": "1.1.0",
            "resolved": "http://r.cnpmjs.org/methods/download/methods-1.1.0.tgz",
            "integrity": "sha1-XcpO4S31L/OwVhRZhqjwHLyGQ28="
        },
        "mime": {
            "version": "1.2.11",
            "resolved": "http://r.cnpmjs.org/mime/download/mime-1.2.11.tgz",
            "integrity": "sha1-WCA+7Ybjpe8XrtK32evUfwpg3RA="
        },
        "mime-types": {
            "version": "1.0.2",
            "resolved": "http://r.cnpmjs.org/mime-types/download/mime-types-1.0.2.tgz",
            "integrity": "sha1-mVrhOSq4r/y/yyZB3QVOlDwNXc4="
        },
        "mongodb": {
            "version": "2.0.46",
            "resolved": "http://r.cnpmjs.org/mongodb/download/mongodb-2.0.46.tgz",
            "integrity": "sha1-sbhXRl5F4lmx4OAzaYNBpky5NVk="
        },
        "mongodb-core": {
            "version": "1.2.19",
            "resolved": "http://r.cnpmjs.org/mongodb-core/download/mongodb-core-1.2.19.tgz",
            "integrity": "sha1-/LNfa2q8XD3h8aSl21JrnjBvPrc="
        },
        "mongoose": {
            "version": "4.1.12",
            "resolved": "http://r.cnpmjs.org/mongoose/download/mongoose-4.1.12.tgz",
            "integrity": "sha1-pqd/uF/AZ2CMUSgy2NC6FHmZdQc=",
            "dependencies": {
                "ms": {
                    "version": "0.1.0",
                    "resolved": "http://r.cnpmjs.org/ms/download/ms-0.1.0.tgz",
                    "integrity": "sha1-8h+sSQ2vHXZn/RgP6QdzicyUQrI="
                }
            }
        },
        "morgan": {
            "version": "1.2.3",
            "resolved": "http://r.cnpmjs.org/morgan/download/morgan-1.2.3.tgz",
            "integrity": "sha1-Ow8XBN+QJVpUJZGrrNeXiRqMQKE="
        },
        "mpath": {
            "version": "0.1.1",
            "resolved": "http://r.cnpmjs.org/mpath/download/mpath-0.1.1.tgz",
            "integrity": "sha1-I9qFK3wjLuCX9HWdKcDunNItXkY="
        },
        "mpromise": {
            "version": "0.5.4",
            "resolved": "http://r.cnpmjs.org/mpromise/download/mpromise-0.5.4.tgz",
            "integrity": "sha1-thBhPsbeN0GflEs18Hg7Ten13HU="
        },
        "mquery": {
            "version": "1.6.3",
            "resolved": "http://r.cnpmjs.org/mquery/download/mquery-1.6.3.tgz",
            "integrity": "sha1-fAK/t+ScgBLOzhVWxeZf72HzyOU=",
            "dependencies": {
                "debug": {
                    "version": "2.2.0",
                    "resolved": "http://r.cnpmjs.org/debug/download/debug-2.2.0.tgz",
                    "integrity": "sha1-+HBX6ZWxofauaklgZkE3vFbwOdo="
                },
                "ms": {
                    "version": "0.7.1",
                    "resolved": "http://r.cnpmjs.org/ms/download/ms-0.7.1.tgz",
                    "integrity": "sha1-nNE8A62/8ltl7/3nzoZO6VIBcJg="
                }
            }
        },
        "ms": {
            "version": "0.6.2",
            "resolved": "http://r.cnpmjs.org/ms/download/ms-0.6.2.tgz",
            "integrity": "sha1-2JwhJMb9wTU9Zai3e/GqxLGTcIw="
        },
        "muri": {
            "version": "1.0.0",
            "resolved": "http://r.cnpmjs.org/muri/download/muri-1.0.0.tgz",
            "integrity": "sha1-3jv2vXHWfq5x12aJuVDS3hGGlcY="
        },
        "nan": {
            "version": "2.5.1",
            "resolved": "http://r.cnpmjs.org/nan/download/nan-2.5.1.tgz",
            "integrity": "sha1-1bAWkSUzJql6K77p5hxV2NYDUeI=",
            "optional": true
        },
        "negotiator": {
            "version": "0.4.7",
            "resolved": "http://r.cnpmjs.org/negotiator/download/negotiator-0.4.7.tgz",
            "integrity": "sha1-pBYPcXfsgGc4Yx0NMFIyXaQqvcg="
        },
        "on-finished": {
            "version": "2.1.0",
            "resolved": "http://r.cnpmjs.org/on-finished/download/on-finished-2.1.0.tgz",
            "integrity": "sha1-DFOfCSkej/rd4MiiWFD7LO3HAi0=",
            "dependencies": {
                "ee-first": {
                    "version": "1.0.5",
                    "resolved": "http://r.cnpmjs.org/ee-first/download/ee-first-1.0.5.tgz",
                    "integrity": "sha1-jJshKJjYzZ8alDZlDOe+ICyen/A="
                }
            }
        },
        "parseurl": {
            "version": "1.2.0",
            "resolved": "http://r.cnpmjs.org/parseurl/download/parseurl-1.2.0.tgz",
            "integrity": "sha1-vn3y1pjrSf+xDqYpOWk+FSmRwAg="
        },
        "path-to-regexp": {
            "version": "0.1.3",
            "resolved": "http://r.cnpmjs.org/path-to-regexp/download/path-to-regexp-0.1.3.tgz",
            "integrity": "sha1-IbmrgidCed4lsVbqCP0SylG4rss="
        },
        "proxy-addr": {
            "version": "1.0.1",
            "resolved": "http://r.cnpmjs.org/proxy-addr/download/proxy-addr-1.0.1.tgz",
            "integrity": "sha1-x8Vm1etOP61n7rnHfFVYzMObiKg="
        },
        "qs": {
            "version": "0.6.6",
            "resolved": "http://r.cnpmjs.org/qs/download/qs-0.6.6.tgz",
            "integrity": "sha1-bgFQmP9RlouKPIGQAdXyyJvEsQc="
        },
        "range-parser": {
            "version": "1.0.0",
            "resolved": "http://r.cnpmjs.org/range-parser/download/range-parser-1.0.0.tgz",
            "integrity": "sha1-pLJkz+C+XONqvjdlrJwqJIdG28A="
        },
        "raw-body": {
            "version": "1.3.0",
            "resolved": "http://r.cnpmjs.org/raw-body/download/raw-body-1.3.0.tgz",
            "integrity": "sha1-l4IwoValVI9C7vFN4i0PT2EAg9E="
        },
        "readable-stream": {
            "version": "1.0.31",
            "resolved": "http://r.cnpmjs.org/readable-stream/download/readable-stream-1.0.31.tgz",
            "integrity": "sha1-jyUC4LyeOw2huUUgqrtOJgPsr64="
        },
        "regexp-clone": {
            "version": "0.0.1",
            "resolved": "http://r.cnpmjs.org/regexp-clone/download/regexp-clone-0.0.1.tgz",
            "integrity": "sha1-p8LgmJH9vzj7sQ03b7cwA+aKxYk="
        },
        "safe-buffer": {
            "version": "5.1.1",
            "resolved": "http://r.cnpmjs.org/safe-buffer/download/safe-buffer-5.1.1.tgz",
            "integrity": "sha1-iTMSr2myEj3vcfV4iQAWce6yyFM="
        },
        "send": {
            "version": "0.7.4",
            "resolved": "http://r.cnpmjs.org/send/download/send-0.7.4.tgz",
            "integrity": "sha1-yAoITLjrlANF86tM6eTuJctmR8s="
        },
        "serve-static": {
            "version": "1.4.4",
            "resolved": "http://r.cnpmjs.org/serve-static/download/serve-static-1.4.4.tgz",
            "integrity": "sha1-ncmfN6LF4ozaL+YEURRiCmIDLyk="
        },
        "sliced": {
            "version": "0.0.5",
            "resolved": "http://r.cnpmjs.org/sliced/download/sliced-0.0.5.tgz",
            "integrity": "sha1-XtwETKTrb3gW1Qui/GPiXY/kcH8="
        },
        "string_decoder": {
            "version": "0.10.31",
            "resolved": "http://r.cnpmjs.org/string_decoder/download/string_decoder-0.10.31.tgz",
            "integrity": "sha1-YuIDvEF2bGwoyfyEMB2rHFMQ+pQ="
        },
        "type-is": {
            "version": "1.3.2",
            "resolved": "http://r.cnpmjs.org/type-is/download/type-is-1.3.2.tgz",
            "integrity": "sha1-TypdxYd1yhYwJQr8cYb4s2MJ0bs="
        },
        "utils-merge": {
            "version": "1.0.0",
            "resolved": "http://r.cnpmjs.org/utils-merge/download/utils-merge-1.0.0.tgz",
            "integrity": "sha1-ApT7kiu5N1FTVBxPcJYjHyh8ivg="
        },
        "vary": {
            "version": "0.1.0",
            "resolved": "http://r.cnpmjs.org/vary/download/vary-0.1.0.tgz",
            "integrity": "sha1-3wlFiZ6TwMxb0YzIMh2dIedPYXY="
        },
        "xtend": {
            "version": "4.0.1",
            "resolved": "http://r.cnpmjs.org/xtend/download/xtend-4.0.1.tgz",
            "integrity": "sha1-pcbVMr5lbiPbgg77lDofBJmNY68="
        }
    }
}
